
Microsoft Visual Studio Solution File, Format Version 12.00
# Visual Studio Version 17
VisualStudioVersion = 17.0.31903.59
MinimumVisualStudioVersion = 10.0.40219.1
Project("{2150E333-8FDC-42A3-9474-1A3956D46DE8}") = "src", "src", "{827E0CD3-B72D-47B6-A68D-7590B98EB39B}"
EndProject
Project("{FAE04EC0-301F-11D3-BF4B-00C04F79EFBC}") = "Waypoint.Api", "src\Waypoint.Api\Waypoint.Api.csproj", "{4A83D6AC-5DB8-4522-BA2E-9FA15E8013F0}"
EndProject
Project("{FAE04EC0-301F-11D3-BF4B-00C04F79EFBC}") = "Waypoint.Domain", "src\Waypoint.Domain\Waypoint.Domain.csproj", "{042A9B92-10B2-4E99-B703-F9EDAD20C9C6}"
EndProject
Project("{FAE04EC0-301F-11D3-BF4B-00C04F79EFBC}") = "Waypoint.Infrastructure", "src\Waypoint.Infrastructure\Waypoint.Infrastructure.csproj", "{8BE48C2C-7520-4566-9F73-8D521B1FE440}"
EndProject
Project("{FAE04EC0-301F-11D3-BF4B-00C04F79EFBC}") = "Waypoint.Application", "src\Waypoint.Application\Waypoint.Application.csproj", "{70408BC1-2B18-4E23-9E05-D0AEE162F1BF}"
EndProject
Project("{FAE04EC0-301F-11D3-BF4B-00C04F79EFBC}") = "Waypoint.Api.Tests", "tests\Waypoint.Api.Tests\Waypoint.Api.Tests.csproj", "{61F8ADA3-2FE4-4939-A436-AFC8C85E81F6}"
EndProject
Project("{FAE04EC0-301F-11D3-BF4B-00C04F79EFBC}") = "Waypoint.Domain.Tests", "tests\Waypoint.Domain.Tests\Waypoint.Domain.Tests.csproj", "{4E05ECDB-FF4C-4515-8266-49714F5AA7BB}"
EndProject
Global
	GlobalSection(SolutionConfigurationPlatforms) = preSolution
		Debug|Any CPU = Debug|Any CPU
		Debug|x64 = Debug|x64
		Debug|x86 = Debug|x86
		Release|Any CPU = Release|Any CPU
		Release|x64 = Release|x64
		Release|x86 = Release|x86
	EndGlobalSection
	GlobalSection(ProjectConfigurationPlatforms) = postSolution
		{4A83D6AC-5DB8-4522-BA2E-9FA15E8013F0}.Debug|Any CPU.ActiveCfg = Debug|Any CPU
		{4A83D6AC-5DB8-4522-BA2E-9FA15E8013F0}.Debug|Any CPU.Build.0 = Debug|Any CPU
		{4A83D6AC-5DB8-4522-BA2E-9FA15E8013F0}.Debug|x64.ActiveCfg = Debug|Any CPU
		{4A83D6AC-5DB8-4522-BA2E-9FA15E8013F0}.Debug|x64.Build.0 = Debug|Any CPU
		{4A83D6AC-5DB8-4522-BA2E-9FA15E8013F0}.Debug|x86.ActiveCfg = Debug|Any CPU
		{4A83D6AC-5DB8-4522-BA2E-9FA15E8013F0}.Debug|x86.Build.0 = Debug|Any CPU
		{4A83D6AC-5DB8-4522-BA2E-9FA15E8013F0}.Release|Any CPU.ActiveCfg = Release|Any CPU
		{4A83D6AC-5DB8-4522-BA2E-9FA15E8013F0}.Release|Any CPU.Build.0 = Release|Any CPU
		{4A83D6AC-5DB8-4522-BA2E-9FA15E8013F0}.Release|x64.ActiveCfg = Release|Any CPU
		{4A83D6AC-5DB8-4522-BA2E-9FA15E8013F0}.Release|x64.Build.0 = Release|Any CPU
		{4A83D6AC-5DB8-4522-BA2E-9FA15E8013F0}.Release|x86.ActiveCfg = Release|Any CPU
		{4A83D6AC-5DB8-4522-BA2E-9FA15E8013F0}.Release|x86.Build.0 = Release|Any CPU
		{042A9B92-10B2-4E99-B703-F9EDAD20C9C6}.Debug|Any CPU.ActiveCfg = Debug|Any CPU
		{042A9B92-10B2-4E99-B703-F9EDAD20C9C6}.Debug|Any CPU.Build.0 = Debug|Any CPU
		{042A9B92-10B2-4E99-B703-F9EDAD20C9C6}.Debug|x64.ActiveCfg = Debug|Any CPU
		{042A9B92-10B2-4E99-B703-F9EDAD20C9C6}.Debug|x64.Build.0 = Debug|Any CPU
		{042A9B92-10B2-4E99-B703-F9EDAD20C9C6}.Debug|x86.ActiveCfg = Debug|Any CPU
		{042A9B92-10B2-4E99-B703-F9EDAD20C9C6}.Debug|x86.Build.0 = Debug|Any CPU
		{042A9B92-10B2-4E99-B703-F9EDAD20C9C6}.Release|Any CPU.ActiveCfg = Release|Any CPU
		{042A9B92-10B2-4E99-B703-F9EDAD20C9C6}.Release|Any CPU.Build.0 = Release|Any CPU
		{042A9B92-10B2-4E99-B703-F9EDAD20C9C6}.Release|x64.ActiveCfg = Release|Any CPU
		{042A9B92-10B2-4E99-B703-F9EDAD20C9C6}.Release|x64.Build.0 = Release|Any CPU
		{042A9B92-10B2-4E99-B703-F9EDAD20C9C6}.Release|x86.ActiveCfg = Release|Any CPU
		{042A9B92-10B2-4E99-B703-F9EDAD20C9C6}.Release|x86.Build.0 = Release|Any CPU
		{8BE48C2C-7520-4566-9F73-8D521B1FE440}.Debug|Any CPU.ActiveCfg = Debug|Any CPU
		{8BE48C2C-7520-4566-9F73-8D521B1FE440}.Debug|Any CPU.Build.0 = Debug|Any CPU
		{8BE48C2C-7520-4566-9F73-8D521B1FE440}.Debug|x64.ActiveCfg = Debug|Any CPU
		{8BE48C2C-7520-4566-9F73-8D521B1FE440}.Debug|x64.Build.0 = Debug|Any CPU
		{8BE48C2C-7520-4566-9F73-8D521B1FE440}.Debug|x86.ActiveCfg = Debug|Any CPU
		{8BE48C2C-7520-4566-9F73-8D521B1FE440}.Debug|x86.Build.0 = Debug|Any CPU
		{8BE48C2C-7520-4566-9F73-8D521B1FE440}.Release|Any CPU.ActiveCfg = Release|Any CPU
		{8BE48C2C-7520-4566-9F73-8D521B1FE440}.Release|Any CPU.Build.0 = Release|Any CPU
		{8BE48C2C-7520-4566-9F73-8D521B1FE440}.Release|x64.ActiveCfg = Release|Any CPU
		{8BE48C2C-7520-4566-9F73-8D521B1FE440}.Release|x64.Build.0 = Release|Any CPU
		{8BE48C2C-7520-4566-9F73-8D521B1FE440}.Release|x86.ActiveCfg = Release|Any CPU
		{8BE48C2C-7520-4566-9F73-8D521B1FE440}.Release|x86.Build.0 = Release|Any CPU
		{70408BC1-2B18-4E23-9E05-D0AEE162F1BF}.Debug|Any CPU.ActiveCfg = Debug|Any CPU
		{70408BC1-2B18-4E23-9E05-D0AEE162F1BF}.Debug|Any CPU.Build.0 = Debug|Any CPU
		{70408BC1-2B18-4E23-9E05-D0AEE162F1BF}.Debug|x64.ActiveCfg = Debug|Any CPU
		{70408BC1-2B18-4E23-9E05-D0AEE162F1BF}.Debug|x64.Build.0 = Debug|Any CPU
		{70408BC1-2B18-4E23-9E05-D0AEE162F1BF}.Debug|x86.ActiveCfg = Debug|Any CPU
		{70408BC1-2B18-4E23-9E05-D0AEE162F1BF}.Debug|x86.Build.0 = Debug|Any CPU
		{70408BC1-2B18-4E23-9E05-D0AEE162F1BF}.Release|Any CPU.ActiveCfg = Release|Any CPU
		{70408BC1-2B18-4E23-9E05-D0AEE162F1BF}.Release|Any CPU.Build.0 = Release|Any CPU
		{70408BC1-2B18-4E23-9E05-D0AEE162F1BF}.Release|x64.ActiveCfg = Release|Any CPU
		{70408BC1-2B18-4E23-9E05-D0AEE162F1BF}.Release|x64.Build.0 = Release|Any CPU
		{70408BC1-2B18-4E23-9E05-D0AEE162F1BF}.Release|x86.ActiveCfg = Release|Any CPU
		{70408BC1-2B18-4E23-9E05-D0AEE162F1BF}.Release|x86.Build.0 = Release|Any CPU
		{61F8ADA3-2FE4-4939-A436-AFC8C85E81F6}.Debug|Any CPU.ActiveCfg = Debug|Any CPU
		{61F8ADA3-2FE4-4939-A436-AFC8C85E81F6}.Debug|Any CPU.Build.0 = Debug|Any CPU
		{61F8ADA3-2FE4-4939-A436-AFC8C85E81F6}.Debug|x64.ActiveCfg = Debug|Any CPU
		{61F8ADA3-2FE4-4939-A436-AFC8C85E81F6}.Debug|x64.Build.0 = Debug|Any CPU
		{61F8ADA3-2FE4-4939-A436-AFC8C85E81F6}.Debug|x86.ActiveCfg = Debug|Any CPU
		{61F8ADA3-2FE4-4939-A436-AFC8C85E81F6}.Debug|x86.Build.0 = Debug|Any CPU
		{61F8ADA3-2FE4-4939-A436-AFC8C85E81F6}.Release|Any CPU.ActiveCfg = Release|Any CPU
		{61F8ADA3-2FE4-4939-A436-AFC8C85E81F6}.Release|Any CPU.Build.0 = Release|Any CPU
		{61F8ADA3-2FE4-4939-A436-AFC8C85E81F6}.Release|x64.ActiveCfg = Release|Any CPU
		{61F8ADA3-2FE4-4939-A436-AFC8C85E81F6}.Release|x64.Build.0 = Release|Any CPU
		{61F8ADA3-2FE4-4939-A436-AFC8C85E81F6}.Release|x86.ActiveCfg = Release|Any CPU
		{61F8ADA3-2FE4-4939-A436-AFC8C85E81F6}.Release|x86.Build.0 = Release|Any CPU
		{4E05ECDB-FF4C-4515-8266-49714F5AA7BB}.Debug|Any CPU.ActiveCfg = Debug|Any CPU
		{4E05ECDB-FF4C-4515-8266-49714F5AA7BB}.Debug|Any CPU.Build.0 = Debug|Any CPU
		{4E05ECDB-FF4C-4515-8266-49714F5AA7BB}.Debug|x64.ActiveCfg = Debug|Any CPU
		{4E05ECDB-FF4C-4515-8266-49714F5AA7BB}.Debug|x64.Build.0 = Debug|Any CPU
		{4E05ECDB-FF4C-4515-8266-49714F5AA7BB}.Debug|x86.ActiveCfg = Debug|Any CPU
		{4E05ECDB-FF4C-4515-8266-49714F5AA7BB}.Debug|x86.Build.0 = Debug|Any CPU
		{4E05ECDB-FF4C-4515-8266-49714F5AA7BB}.Release|Any CPU.ActiveCfg = Release|Any CPU
		{4E05ECDB-FF4C-4515-8266-49714F5AA7BB}.Release|Any CPU.Build.0 = Release|Any CPU
		{4E05ECDB-FF4C-4515-8266-49714F5AA7BB}.Release|x64.ActiveCfg = Release|Any CPU
		{4E05ECDB-FF4C-4515-8266-49714F5AA7BB}.Release|x64.Build.0 = Release|Any CPU
		{4E05ECDB-FF4C-4515-8266-49714F5AA7BB}.Release|x86.ActiveCfg = Release|Any CPU
		{4E05ECDB-FF4C-4515-8266-49714F5AA7BB}.Release|x86.Build.0 = Release|Any CPU
	EndGlobalSection
	GlobalSection(SolutionProperties) = preSolution
		HideSolutionNode = FALSE
	EndGlobalSection
	GlobalSection(NestedProjects) = preSolution
		{4A83D6AC-5DB8-4522-BA2E-9FA15E8013F0} = {827E0CD3-B72D-47B6-A68D-7590B98EB39B}
		{042A9B92-10B2-4E99-B703-F9EDAD20C9C6} = {827E0CD3-B72D-47B6-A68D-7590B98EB39B}
		{8BE48C2C-7520-4566-9F73-8D521B1FE440} = {827E0CD3-B72D-47B6-A68D-7590B98EB39B}
		{70408BC1-2B18-4E23-9E05-D0AEE162F1BF} = {827E0CD3-B72D-47B6-A68D-7590B98EB39B}
		{61F8ADA3-2FE4-4939-A436-AFC8C85E81F6} = {827E0CD3-B72D-47B6-A68D-7590B98EB39B}
		{4E05ECDB-FF4C-4515-8266-49714F5AA7BB} = {827E0CD3-B72D-47B6-A68D-7590B98EB39B}
	EndGlobalSection
EndGlobal
